
Microsoft Visual Studio Solution File, Format Version 12.00
# Visual Studio Version 17
VisualStudioVersion = 17.5.33530.505
MinimumVisualStudioVersion = 10.0.40219.1
Project("{FAE04EC0-301F-11D3-BF4B-00C04F79EFBC}") = "MyFirstAPI", "MyFirstAPI\MyFirstAPI.csproj", "{1AE26EBB-0C8B-4387-A709-F08BFD594401}"
EndProject
Global
	GlobalSection(SolutionConfigurationPlatforms) = preSolution
		Debug|Any CPU = Debug|Any CPU
		Release|Any CPU = Release|Any CPU
	EndGlobalSection
	GlobalSection(ProjectConfigurationPlatforms) = postSolution
		{1AE26EBB-0C8B-4387-A709-F08BFD594401}.Debug|Any CPU.ActiveCfg = Debug|Any CPU
		{1AE26EBB-0C8B-4387-A709-F08BFD594401}.Debug|Any CPU.Build.0 = Debug|Any CPU
		{1AE26EBB-0C8B-4387-A709-F08BFD594401}.Release|Any CPU.ActiveCfg = Release|Any CPU
		{1AE26EBB-0C8B-4387-A709-F08BFD594401}.Release|Any CPU.Build.0 = Release|Any CPU
	EndGlobalSection
	GlobalSection(SolutionProperties) = preSolution
		HideSolutionNode = FALSE
	EndGlobalSection
	GlobalSection(ExtensibilityGlobals) = postSolution
		SolutionGuid = {EDBEF3A7-98E6-474D-8935-5D3A67A7E9AD}
	EndGlobalSection
EndGlobal
